
Microsoft Visual Studio Solution File, Format Version 12.00
Project("{FAE04EC0-301F-11D3-BF4B-00C04F79EFBC}") = "Apollo", "Apollo\Apollo.csproj", "{FB4E1AA5-47D6-4F19-961F-46187150156D}"
EndProject
Project("{FAE04EC0-301F-11D3-BF4B-00C04F79EFBC}") = "Testing", "Testing\Testing.csproj", "{FA278087-01EC-4CF0-AA3C-9A46C81A67B6}"
EndProject
Global
	GlobalSection(SolutionConfigurationPlatforms) = preSolution
		Debug|Any CPU = Debug|Any CPU
		Release|Any CPU = Release|Any CPU
	EndGlobalSection
	GlobalSection(ProjectConfigurationPlatforms) = postSolution
		{FB4E1AA5-47D6-4F19-961F-46187150156D}.Debug|Any CPU.ActiveCfg = Debug|Any CPU
		{FB4E1AA5-47D6-4F19-961F-46187150156D}.Debug|Any CPU.Build.0 = Debug|Any CPU
		{FB4E1AA5-47D6-4F19-961F-46187150156D}.Release|Any CPU.ActiveCfg = Release|Any CPU
		{FB4E1AA5-47D6-4F19-961F-46187150156D}.Release|Any CPU.Build.0 = Release|Any CPU
		{FA278087-01EC-4CF0-AA3C-9A46C81A67B6}.Debug|Any CPU.ActiveCfg = Debug|Any CPU
		{FA278087-01EC-4CF0-AA3C-9A46C81A67B6}.Debug|Any CPU.Build.0 = Debug|Any CPU
		{FA278087-01EC-4CF0-AA3C-9A46C81A67B6}.Release|Any CPU.ActiveCfg = Release|Any CPU
		{FA278087-01EC-4CF0-AA3C-9A46C81A67B6}.Release|Any CPU.Build.0 = Release|Any CPU
	EndGlobalSection
EndGlobal
